// !$*UTF8*$!
{
	archiveVersion = 1;
	classes = {
	};
	objectVersion = 46;
	objects = {

/* Begin PBXBuildFile section */
		498380271ED46AA3003BCFB0 /* FlowUpIOSSDK.m in Sources */ = {isa = PBXBuildFile; fileRef = 498380261ED46AA3003BCFB0 /* FlowUpIOSSDK.m */; };
		498380281ED46AA3003BCFB0 /* FlowUpIOSSDK.h in CopyFiles */ = {isa = PBXBuildFile; fileRef = 498380251ED46AA3003BCFB0 /* FlowUpIOSSDK.h */; };
		498380311ED486A7003BCFB0 /* CPUUsageCollector.m in Sources */ = {isa = PBXBuildFile; fileRef = 498380301ED486A7003BCFB0 /* CPUUsageCollector.m */; };
/* End PBXBuildFile section */

/* Begin PBXCopyFilesBuildPhase section */
		498380201ED46AA3003BCFB0 /* CopyFiles */ = {
			isa = PBXCopyFilesBuildPhase;
			buildActionMask = 2147483647;
			dstPath = "include/$(PRODUCT_NAME)";
			dstSubfolderSpec = 16;
			files = (
				498380281ED46AA3003BCFB0 /* FlowUpIOSSDK.h in CopyFiles */,
			);
			runOnlyForDeploymentPostprocessing = 0;
		};
/* End PBXCopyFilesBuildPhase section */

/* Begin PBXFileReference section */
		498380221ED46AA3003BCFB0 /* libFlowUpIOSSDK.a */ = {isa = PBXFileReference; explicitFileType = archive.ar; includeInIndex = 0; path = libFlowUpIOSSDK.a; sourceTree = BUILT_PRODUCTS_DIR; };
		498380251ED46AA3003BCFB0 /* FlowUpIOSSDK.h */ = {isa = PBXFileReference; lastKnownFileType = sourcecode.c.h; path = FlowUpIOSSDK.h; sourceTree = "<group>"; };
		498380261ED46AA3003BCFB0 /* FlowUpIOSSDK.m */ = {isa = PBXFileReference; lastKnownFileType = sourcecode.c.objc; path = FlowUpIOSSDK.m; sourceTree = "<group>"; };
		4983802F1ED486A7003BCFB0 /* CPUUsageCollector.h */ = {isa = PBXFileReference; fileEncoding = 4; lastKnownFileType = sourcecode.c.h; path = CPUUsageCollector.h; sourceTree = "<group>"; };
		498380301ED486A7003BCFB0 /* CPUUsageCollector.m */ = {isa = PBXFileReference; fileEncoding = 4; lastKnownFileType = sourcecode.c.objc; path = CPUUsageCollector.m; sourceTree = "<group>"; };
		498380321ED487AC003BCFB0 /* Collector.h */ = {isa = PBXFileReference; lastKnownFileType = sourcecode.c.h; path = Collector.h; sourceTree = "<group>"; };
/* End PBXFileReference section */

/* Begin PBXFrameworksBuildPhase section */
		4983801F1ED46AA3003BCFB0 /* Frameworks */ = {
			isa = PBXFrameworksBuildPhase;
			buildActionMask = 2147483647;
			files = (
			);
			runOnlyForDeploymentPostprocessing = 0;
		};
/* End PBXFrameworksBuildPhase section */

/* Begin PBXGroup section */
		498380191ED46AA3003BCFB0 = {
			isa = PBXGroup;
			children = (
				498380241ED46AA3003BCFB0 /* FlowUpIOSSDK */,
				498380231ED46AA3003BCFB0 /* Products */,
			);
			sourceTree = "<group>";
		};
		498380231ED46AA3003BCFB0 /* Products */ = {
			isa = PBXGroup;
			children = (
				498380221ED46AA3003BCFB0 /* libFlowUpIOSSDK.a */,
			);
			name = Products;
			sourceTree = "<group>";
		};
		498380241ED46AA3003BCFB0 /* FlowUpIOSSDK */ = {
			isa = PBXGroup;
			children = (
				4983802E1ED485D1003BCFB0 /* Collectors */,
				498380251ED46AA3003BCFB0 /* FlowUpIOSSDK.h */,
				498380261ED46AA3003BCFB0 /* FlowUpIOSSDK.m */,
			);
			path = FlowUpIOSSDK;
			sourceTree = "<group>";
		};
		4983802E1ED485D1003BCFB0 /* Collectors */ = {
			isa = PBXGroup;
			children = (
				4983802F1ED486A7003BCFB0 /* CPUUsageCollector.h */,
				498380301ED486A7003BCFB0 /* CPUUsageCollector.m */,
				498380321ED487AC003BCFB0 /* Collector.h */,
			);
			name = Collectors;
			sourceTree = "<group>";
		};
/* End PBXGroup section */

/* Begin PBXNativeTarget section */
		498380211ED46AA3003BCFB0 /* FlowUpIOSSDK */ = {
			isa = PBXNativeTarget;
			buildConfigurationList = 4983802B1ED46AA3003BCFB0 /* Build configuration list for PBXNativeTarget "FlowUpIOSSDK" */;
			buildPhases = (
				4983801E1ED46AA3003BCFB0 /* Sources */,
				4983801F1ED46AA3003BCFB0 /* Frameworks */,
				498380201ED46AA3003BCFB0 /* CopyFiles */,
			);
			buildRules = (
			);
			dependencies = (
			);
			name = FlowUpIOSSDK;
			productName = FlowUpIOSSDK;
			productReference = 498380221ED46AA3003BCFB0 /* libFlowUpIOSSDK.a */;
			productType = "com.apple.product-type.library.static";
		};
/* End PBXNativeTarget section */

/* Begin PBXProject section */
		4983801A1ED46AA3003BCFB0 /* Project object */ = {
			isa = PBXProject;
			attributes = {
				LastUpgradeCheck = 0820;
				ORGANIZATIONNAME = flowup;
				TargetAttributes = {
					498380211ED46AA3003BCFB0 = {
						CreatedOnToolsVersion = 8.2.1;
						DevelopmentTeam = 2Z9R68TU59;
						ProvisioningStyle = Automatic;
					};
				};
			};
			buildConfigurationList = 4983801D1ED46AA3003BCFB0 /* Build configuration list for PBXProject "FlowUpIOSSDK" */;
			compatibilityVersion = "Xcode 3.2";
			developmentRegion = English;
			hasScannedForEncodings = 0;
			knownRegions = (
				en,
			);
			mainGroup = 498380191ED46AA3003BCFB0;
			productRefGroup = 498380231ED46AA3003BCFB0 /* Products */;
			projectDirPath = "";
			projectRoot = "";
			targets = (
				498380211ED46AA3003BCFB0 /* FlowUpIOSSDK */,
			);
		};
/* End PBXProject section */

/* Begin PBXSourcesBuildPhase section */
		4983801E1ED46AA3003BCFB0 /* Sources */ = {
			isa = PBXSourcesBuildPhase;
			buildActionMask = 2147483647;
			files = (
				498380311ED486A7003BCFB0 /* CPUUsageCollector.m in Sources */,
				498380271ED46AA3003BCFB0 /* FlowUpIOSSDK.m in Sources */,
			);
			runOnlyForDeploymentPostprocessing = 0;
		};
/* End PBXSourcesBuildPhase section */

/* Begin XCBuildConfiguration section */
		498380291ED46AA3003BCFB0 /* Debug */ = {
			isa = XCBuildConfiguration;
			buildSettings = {
				ALWAYS_SEARCH_USER_PATHS = NO;
				CLANG_ANALYZER_NONNULL = YES;
				CLANG_CXX_LANGUAGE_STANDARD = "gnu++0x";
				CLANG_CXX_LIBRARY = "libc++";
				CLANG_ENABLE_MODULES = YES;
				CLANG_ENABLE_OBJC_ARC = YES;
				CLANG_WARN_BOOL_CONVERSION = YES;
				CLANG_WARN_CONSTANT_CONVERSION = YES;
				CLANG_WARN_DIRECT_OBJC_ISA_USAGE = YES_ERROR;
				CLANG_WARN_DOCUMENTATION_COMMENTS = YES;
				CLANG_WARN_EMPTY_BODY = YES;
				CLANG_WARN_ENUM_CONVERSION = YES;
				CLANG_WARN_INFINITE_RECURSION = YES;
				CLANG_WARN_INT_CONVERSION = YES;
				CLANG_WARN_OBJC_ROOT_CLASS = YES_ERROR;
				CLANG_WARN_SUSPICIOUS_MOVE = YES;
				CLANG_WARN_UNREACHABLE_CODE = YES;
				CLANG_WARN__DUPLICATE_METHOD_MATCH = YES;
				"CODE_SIGN_IDENTITY[sdk=iphoneos*]" = "iPhone Developer";
				COPY_PHASE_STRIP = NO;
				DEBUG_INFORMATION_FORMAT = dwarf;
				ENABLE_STRICT_OBJC_MSGSEND = YES;
				ENABLE_TESTABILITY = YES;
				GCC_C_LANGUAGE_STANDARD = gnu99;
				GCC_DYNAMIC_NO_PIC = NO;
				GCC_NO_COMMON_BLOCKS = YES;
				GCC_OPTIMIZATION_LEVEL = 0;
				GCC_PREPROCESSOR_DEFINITIONS = (
					"DEBUG=1",
					"$(inherited)",
				);
				GCC_WARN_64_TO_32_BIT_CONVERSION = YES;
				GCC_WARN_ABOUT_RETURN_TYPE = YES_ERROR;
				GCC_WARN_UNDECLARED_SELECTOR = YES;
				GCC_WARN_UNINITIALIZED_AUTOS = YES_AGGRESSIVE;
				GCC_WARN_UNUSED_FUNCTION = YES;
				GCC_WARN_UNUSED_VARIABLE = YES;
				IPHONEOS_DEPLOYMENT_TARGET = 10.2;
				MTL_ENABLE_DEBUG_INFO = YES;
				ONLY_ACTIVE_ARCH = YES;
				SDKROOT = iphoneos;
			};
			name = Debug;
		};
		4983802A1ED46AA3003BCFB0 /* Release */ = {
			isa = XCBuildConfiguration;
			buildSettings = {
				ALWAYS_SEARCH_USER_PATHS = NO;
				CLANG_ANALYZER_NONNULL = YES;
				CLANG_CXX_LANGUAGE_STANDARD = "gnu++0x";
				CLANG_CXX_LIBRARY = "libc++";
				CLANG_ENABLE_MODULES = YES;
				CLANG_ENABLE_OBJC_ARC = YES;
				CLANG_WARN_BOOL_CONVERSION = YES;
				CLANG_WARN_CONSTANT_CONVERSION = YES;
				CLANG_WARN_DIRECT_OBJC_ISA_USAGE = YES_ERROR;
				CLANG_WARN_DOCUMENTATION_COMMENTS = YES;
				CLANG_WARN_EMPTY_BODY = YES;
				CLANG_WARN_ENUM_CONVERSION = YES;
				CLANG_WARN_INFINITE_RECURSION = YES;
				CLANG_WARN_INT_CONVERSION = YES;
				CLANG_WARN_OBJC_ROOT_CLASS = YES_ERROR;
				CLANG_WARN_SUSPICIOUS_MOVE = YES;
				CLANG_WARN_UNREACHABLE_CODE = YES;
				CLANG_WARN__DUPLICATE_METHOD_MATCH = YES;
				"CODE_SIGN_IDENTITY[sdk=iphoneos*]" = "iPhone Developer";
				COPY_PHASE_STRIP = NO;
				DEBUG_INFORMATION_FORMAT = "dwarf-with-dsym";
				ENABLE_NS_ASSERTIONS = NO;
				ENABLE_STRICT_OBJC_MSGSEND = YES;
				GCC_C_LANGUAGE_STANDARD = gnu99;
				GCC_NO_COMMON_BLOCKS = YES;
				GCC_WARN_64_TO_32_BIT_CONVERSION = YES;
				GCC_WARN_ABOUT_RETURN_TYPE = YES_ERROR;
				GCC_WARN_UNDECLARED_SELECTOR = YES;
				GCC_WARN_UNINITIALIZED_AUTOS = YES_AGGRESSIVE;
				GCC_WARN_UNUSED_FUNCTION = YES;
				GCC_WARN_UNUSED_VARIABLE = YES;
				IPHONEOS_DEPLOYMENT_TARGET = 10.2;
				MTL_ENABLE_DEBUG_INFO = NO;
				SDKROOT = iphoneos;
				VALIDATE_PRODUCT = YES;
			};
			name = Release;
		};
		4983802C1ED46AA3003BCFB0 /* Debug */ = {
			isa = XCBuildConfiguration;
			buildSettings = {
				DEVELOPMENT_TEAM = 2Z9R68TU59;
				OTHER_LDFLAGS = "-ObjC";
				PRODUCT_NAME = "$(TARGET_NAME)";
				SKIP_INSTALL = YES;
			};
			name = Debug;
		};
		4983802D1ED46AA3003BCFB0 /* Release */ = {
			isa = XCBuildConfiguration;
			buildSettings = {
				DEVELOPMENT_TEAM = 2Z9R68TU59;
				OTHER_LDFLAGS = "-ObjC";
				PRODUCT_NAME = "$(TARGET_NAME)";
				SKIP_INSTALL = YES;
			};
			name = Release;
		};
/* End XCBuildConfiguration section */

/* Begin XCConfigurationList section */
		4983801D1ED46AA3003BCFB0 /* Build configuration list for PBXProject "FlowUpIOSSDK" */ = {
			isa = XCConfigurationList;
			buildConfigurations = (
				498380291ED46AA3003BCFB0 /* Debug */,
				4983802A1ED46AA3003BCFB0 /* Release */,
			);
			defaultConfigurationIsVisible = 0;
			defaultConfigurationName = Release;
		};
		4983802B1ED46AA3003BCFB0 /* Build configuration list for PBXNativeTarget "FlowUpIOSSDK" */ = {
			isa = XCConfigurationList;
			buildConfigurations = (
				4983802C1ED46AA3003BCFB0 /* Debug */,
				4983802D1ED46AA3003BCFB0 /* Release */,
			);
			defaultConfigurationIsVisible = 0;
			defaultConfigurationName = Release;
		};
/* End XCConfigurationList section */
	};
	rootObject = 4983801A1ED46AA3003BCFB0 /* Project object */;
}
