// !$*UTF8*$!
{
	archiveVersion = 1;
	classes = {
	};
	objectVersion = 46;
	objects = {

/* Begin PBXBuildFile section */
		49021464D6F5526D2F51276C /* libPods-SDK.a in Frameworks */ = {isa = PBXBuildFile; fileRef = A635D7B39C8E4A9C416BE063 /* libPods-SDK.a */; };
		4978C0771ED5E71400148A4E /* ReportApiClient.h in Headers */ = {isa = PBXBuildFile; fileRef = 4978C0731ED5E71400148A4E /* ReportApiClient.h */; };
		4978C0781ED5E71400148A4E /* ReportApiClient.m in Sources */ = {isa = PBXBuildFile; fileRef = 4978C0741ED5E71400148A4E /* ReportApiClient.m */; };
		4978C0791ED5E71400148A4E /* Reports.h in Headers */ = {isa = PBXBuildFile; fileRef = 4978C0751ED5E71400148A4E /* Reports.h */; };
		4978C07A1ED5E71400148A4E /* Reports.m in Sources */ = {isa = PBXBuildFile; fileRef = 4978C0761ED5E71400148A4E /* Reports.m */; };
		4978C07E1ED5E7E600148A4E /* CPUMetric.h in Headers */ = {isa = PBXBuildFile; fileRef = 4978C07C1ED5E7E600148A4E /* CPUMetric.h */; };
		4978C07F1ED5E7E600148A4E /* CPUMetric.m in Sources */ = {isa = PBXBuildFile; fileRef = 4978C07D1ED5E7E600148A4E /* CPUMetric.m */; };
		4978C0841ED5EC0100148A4E /* ApiClient.h in Headers */ = {isa = PBXBuildFile; fileRef = 4978C0821ED5EC0100148A4E /* ApiClient.h */; };
		4978C0851ED5EC0100148A4E /* ApiClient.m in Sources */ = {isa = PBXBuildFile; fileRef = 4978C0831ED5EC0100148A4E /* ApiClient.m */; };
		4978C0881ED5EFCB00148A4E /* FlowUp.h in Headers */ = {isa = PBXBuildFile; fileRef = 4978C0861ED5EFCB00148A4E /* FlowUp.h */; };
		4978C0891ED5EFCB00148A4E /* FlowUp.m in Sources */ = {isa = PBXBuildFile; fileRef = 4978C0871ED5EFCB00148A4E /* FlowUp.m */; };
		4983806F1ED48D6B003BCFB0 /* CPUUsageCollector.m in Sources */ = {isa = PBXBuildFile; fileRef = 4983806E1ED48D6B003BCFB0 /* CPUUsageCollector.m */; };
		498380751ED48F5C003BCFB0 /* Collector.h in Headers */ = {isa = PBXBuildFile; fileRef = 4983806C1ED48D1E003BCFB0 /* Collector.h */; settings = {ATTRIBUTES = (Public, ); }; };
		498380761ED48F5C003BCFB0 /* CPUUsageCollector.h in Headers */ = {isa = PBXBuildFile; fileRef = 4983806D1ED48D6B003BCFB0 /* CPUUsageCollector.h */; settings = {ATTRIBUTES = (Public, ); }; };
/* End PBXBuildFile section */

/* Begin PBXCopyFilesBuildPhase section */
		4983803A1ED48C7A003BCFB0 /* CopyFiles */ = {
			isa = PBXCopyFilesBuildPhase;
			buildActionMask = 2147483647;
			dstPath = "include/$(PRODUCT_NAME)";
			dstSubfolderSpec = 16;
			files = (
			);
			runOnlyForDeploymentPostprocessing = 0;
		};
/* End PBXCopyFilesBuildPhase section */

/* Begin PBXFileReference section */
		4978C0731ED5E71400148A4E /* ReportApiClient.h */ = {isa = PBXFileReference; fileEncoding = 4; lastKnownFileType = sourcecode.c.h; path = ReportApiClient.h; sourceTree = "<group>"; };
		4978C0741ED5E71400148A4E /* ReportApiClient.m */ = {isa = PBXFileReference; fileEncoding = 4; lastKnownFileType = sourcecode.c.objc; path = ReportApiClient.m; sourceTree = "<group>"; };
		4978C0751ED5E71400148A4E /* Reports.h */ = {isa = PBXFileReference; fileEncoding = 4; lastKnownFileType = sourcecode.c.h; path = Reports.h; sourceTree = "<group>"; };
		4978C0761ED5E71400148A4E /* Reports.m */ = {isa = PBXFileReference; fileEncoding = 4; lastKnownFileType = sourcecode.c.objc; path = Reports.m; sourceTree = "<group>"; };
		4978C07C1ED5E7E600148A4E /* CPUMetric.h */ = {isa = PBXFileReference; fileEncoding = 4; lastKnownFileType = sourcecode.c.h; path = CPUMetric.h; sourceTree = "<group>"; };
		4978C07D1ED5E7E600148A4E /* CPUMetric.m */ = {isa = PBXFileReference; fileEncoding = 4; lastKnownFileType = sourcecode.c.objc; path = CPUMetric.m; sourceTree = "<group>"; };
		4978C0821ED5EC0100148A4E /* ApiClient.h */ = {isa = PBXFileReference; fileEncoding = 4; lastKnownFileType = sourcecode.c.h; path = ApiClient.h; sourceTree = "<group>"; };
		4978C0831ED5EC0100148A4E /* ApiClient.m */ = {isa = PBXFileReference; fileEncoding = 4; lastKnownFileType = sourcecode.c.objc; path = ApiClient.m; sourceTree = "<group>"; };
		4978C0861ED5EFCB00148A4E /* FlowUp.h */ = {isa = PBXFileReference; fileEncoding = 4; lastKnownFileType = sourcecode.c.h; path = FlowUp.h; sourceTree = "<group>"; };
		4978C0871ED5EFCB00148A4E /* FlowUp.m */ = {isa = PBXFileReference; fileEncoding = 4; lastKnownFileType = sourcecode.c.objc; path = FlowUp.m; sourceTree = "<group>"; };
		4983803C1ED48C7A003BCFB0 /* libSDK.a */ = {isa = PBXFileReference; explicitFileType = archive.ar; includeInIndex = 0; path = libSDK.a; sourceTree = BUILT_PRODUCTS_DIR; };
		4983806C1ED48D1E003BCFB0 /* Collector.h */ = {isa = PBXFileReference; lastKnownFileType = sourcecode.c.h; path = Collector.h; sourceTree = "<group>"; };
		4983806D1ED48D6B003BCFB0 /* CPUUsageCollector.h */ = {isa = PBXFileReference; fileEncoding = 4; lastKnownFileType = sourcecode.c.h; path = CPUUsageCollector.h; sourceTree = "<group>"; };
		4983806E1ED48D6B003BCFB0 /* CPUUsageCollector.m */ = {isa = PBXFileReference; fileEncoding = 4; lastKnownFileType = sourcecode.c.objc; path = CPUUsageCollector.m; sourceTree = "<group>"; };
		72868C35D70EF8DC403575B2 /* Pods-SDK.debug.xcconfig */ = {isa = PBXFileReference; includeInIndex = 1; lastKnownFileType = text.xcconfig; name = "Pods-SDK.debug.xcconfig"; path = "../Pods/Target Support Files/Pods-SDK/Pods-SDK.debug.xcconfig"; sourceTree = "<group>"; };
		A635D7B39C8E4A9C416BE063 /* libPods-SDK.a */ = {isa = PBXFileReference; explicitFileType = archive.ar; includeInIndex = 0; path = "libPods-SDK.a"; sourceTree = BUILT_PRODUCTS_DIR; };
		AD3D6E8A6BD0C180426F5809 /* Pods-SDK.release.xcconfig */ = {isa = PBXFileReference; includeInIndex = 1; lastKnownFileType = text.xcconfig; name = "Pods-SDK.release.xcconfig"; path = "../Pods/Target Support Files/Pods-SDK/Pods-SDK.release.xcconfig"; sourceTree = "<group>"; };
/* End PBXFileReference section */

/* Begin PBXFrameworksBuildPhase section */
		498380391ED48C7A003BCFB0 /* Frameworks */ = {
			isa = PBXFrameworksBuildPhase;
			buildActionMask = 2147483647;
			files = (
				49021464D6F5526D2F51276C /* libPods-SDK.a in Frameworks */,
			);
			runOnlyForDeploymentPostprocessing = 0;
		};
/* End PBXFrameworksBuildPhase section */

/* Begin PBXGroup section */
		4978C0641ED5C36800148A4E /* Reporter */ = {
			isa = PBXGroup;
			children = (
				4978C0811ED5EBF100148A4E /* API Client */,
				4978C07B1ED5E7D600148A4E /* Model */,
			);
			path = Reporter;
			sourceTree = "<group>";
		};
		4978C07B1ED5E7D600148A4E /* Model */ = {
			isa = PBXGroup;
			children = (
				4978C07C1ED5E7E600148A4E /* CPUMetric.h */,
				4978C07D1ED5E7E600148A4E /* CPUMetric.m */,
				4978C0751ED5E71400148A4E /* Reports.h */,
				4978C0761ED5E71400148A4E /* Reports.m */,
			);
			path = Model;
			sourceTree = "<group>";
		};
		4978C0801ED5EBE500148A4E /* API Client */ = {
			isa = PBXGroup;
			children = (
				4978C0821ED5EC0100148A4E /* ApiClient.h */,
				4978C0831ED5EC0100148A4E /* ApiClient.m */,
			);
			path = "API Client";
			sourceTree = "<group>";
		};
		4978C0811ED5EBF100148A4E /* API Client */ = {
			isa = PBXGroup;
			children = (
				4978C0731ED5E71400148A4E /* ReportApiClient.h */,
				4978C0741ED5E71400148A4E /* ReportApiClient.m */,
			);
			path = "API Client";
			sourceTree = "<group>";
		};
		498380331ED48C7A003BCFB0 = {
			isa = PBXGroup;
			children = (
				71E50B7189EC0D979241ECB1 /* Frameworks */,
				724DB15A5A1C3057621E7E6F /* Pods */,
				4983803D1ED48C7A003BCFB0 /* Products */,
				4983803E1ED48C7A003BCFB0 /* SDK */,
			);
			sourceTree = "<group>";
		};
		4983803D1ED48C7A003BCFB0 /* Products */ = {
			isa = PBXGroup;
			children = (
				4983803C1ED48C7A003BCFB0 /* libSDK.a */,
			);
			name = Products;
			sourceTree = "<group>";
		};
		4983803E1ED48C7A003BCFB0 /* SDK */ = {
			isa = PBXGroup;
			children = (
				4978C0801ED5EBE500148A4E /* API Client */,
				4983806B1ED48D10003BCFB0 /* Collector */,
				4978C0641ED5C36800148A4E /* Reporter */,
				4978C0861ED5EFCB00148A4E /* FlowUp.h */,
				4978C0871ED5EFCB00148A4E /* FlowUp.m */,
			);
			path = SDK;
			sourceTree = "<group>";
		};
		4983806B1ED48D10003BCFB0 /* Collector */ = {
			isa = PBXGroup;
			children = (
				4983806D1ED48D6B003BCFB0 /* CPUUsageCollector.h */,
				4983806E1ED48D6B003BCFB0 /* CPUUsageCollector.m */,
				4983806C1ED48D1E003BCFB0 /* Collector.h */,
			);
			path = Collector;
			sourceTree = "<group>";
		};
		71E50B7189EC0D979241ECB1 /* Frameworks */ = {
			isa = PBXGroup;
			children = (
				A635D7B39C8E4A9C416BE063 /* libPods-SDK.a */,
			);
			name = Frameworks;
			sourceTree = "<group>";
		};
		724DB15A5A1C3057621E7E6F /* Pods */ = {
			isa = PBXGroup;
			children = (
				72868C35D70EF8DC403575B2 /* Pods-SDK.debug.xcconfig */,
				AD3D6E8A6BD0C180426F5809 /* Pods-SDK.release.xcconfig */,
			);
			name = Pods;
			sourceTree = "<group>";
		};
/* End PBXGroup section */

/* Begin PBXHeadersBuildPhase section */
		498380741ED48F55003BCFB0 /* Headers */ = {
			isa = PBXHeadersBuildPhase;
			buildActionMask = 2147483647;
			files = (
				4978C0841ED5EC0100148A4E /* ApiClient.h in Headers */,
				4978C0771ED5E71400148A4E /* ReportApiClient.h in Headers */,
				498380751ED48F5C003BCFB0 /* Collector.h in Headers */,
				4978C0881ED5EFCB00148A4E /* FlowUp.h in Headers */,
				4978C0791ED5E71400148A4E /* Reports.h in Headers */,
				4978C07E1ED5E7E600148A4E /* CPUMetric.h in Headers */,
				498380761ED48F5C003BCFB0 /* CPUUsageCollector.h in Headers */,
			);
			runOnlyForDeploymentPostprocessing = 0;
		};
/* End PBXHeadersBuildPhase section */

/* Begin PBXNativeTarget section */
		4983803B1ED48C7A003BCFB0 /* SDK */ = {
			isa = PBXNativeTarget;
			buildConfigurationList = 498380451ED48C7A003BCFB0 /* Build configuration list for PBXNativeTarget "SDK" */;
			buildPhases = (
				AFAE747117BF12D4AC4B48C4 /* [CP] Check Pods Manifest.lock */,
				498380381ED48C7A003BCFB0 /* Sources */,
				498380391ED48C7A003BCFB0 /* Frameworks */,
				4983803A1ED48C7A003BCFB0 /* CopyFiles */,
				498380741ED48F55003BCFB0 /* Headers */,
				EB6E7EAB979AF60E8E7018A4 /* [CP] Copy Pods Resources */,
			);
			buildRules = (
			);
			dependencies = (
			);
			name = SDK;
			productName = SDK;
			productReference = 4983803C1ED48C7A003BCFB0 /* libSDK.a */;
			productType = "com.apple.product-type.library.static";
		};
/* End PBXNativeTarget section */

/* Begin PBXProject section */
		498380341ED48C7A003BCFB0 /* Project object */ = {
			isa = PBXProject;
			attributes = {
				LastUpgradeCheck = 0820;
				ORGANIZATIONNAME = flowup;
				TargetAttributes = {
					4983803B1ED48C7A003BCFB0 = {
						CreatedOnToolsVersion = 8.2.1;
						DevelopmentTeam = 2Z9R68TU59;
						ProvisioningStyle = Automatic;
					};
				};
			};
			buildConfigurationList = 498380371ED48C7A003BCFB0 /* Build configuration list for PBXProject "SDK" */;
			compatibilityVersion = "Xcode 3.2";
			developmentRegion = English;
			hasScannedForEncodings = 0;
			knownRegions = (
				en,
			);
			mainGroup = 498380331ED48C7A003BCFB0;
			productRefGroup = 4983803D1ED48C7A003BCFB0 /* Products */;
			projectDirPath = "";
			projectRoot = "";
			targets = (
				4983803B1ED48C7A003BCFB0 /* SDK */,
			);
		};
/* End PBXProject section */

/* Begin PBXShellScriptBuildPhase section */
		AFAE747117BF12D4AC4B48C4 /* [CP] Check Pods Manifest.lock */ = {
			isa = PBXShellScriptBuildPhase;
			buildActionMask = 2147483647;
			files = (
			);
			inputPaths = (
			);
			name = "[CP] Check Pods Manifest.lock";
			outputPaths = (
			);
			runOnlyForDeploymentPostprocessing = 0;
			shellPath = /bin/sh;
			shellScript = "diff \"${PODS_ROOT}/../Podfile.lock\" \"${PODS_ROOT}/Manifest.lock\" > /dev/null\nif [ $? != 0 ] ; then\n    # print error to STDERR\n    echo \"error: The sandbox is not in sync with the Podfile.lock. Run 'pod install' or update your CocoaPods installation.\" >&2\n    exit 1\nfi\n";
			showEnvVarsInLog = 0;
		};
		EB6E7EAB979AF60E8E7018A4 /* [CP] Copy Pods Resources */ = {
			isa = PBXShellScriptBuildPhase;
			buildActionMask = 2147483647;
			files = (
			);
			inputPaths = (
			);
			name = "[CP] Copy Pods Resources";
			outputPaths = (
			);
			runOnlyForDeploymentPostprocessing = 0;
			shellPath = /bin/sh;
			shellScript = "\"${SRCROOT}/../Pods/Target Support Files/Pods-SDK/Pods-SDK-resources.sh\"\n";
			showEnvVarsInLog = 0;
		};
/* End PBXShellScriptBuildPhase section */

/* Begin PBXSourcesBuildPhase section */
		498380381ED48C7A003BCFB0 /* Sources */ = {
			isa = PBXSourcesBuildPhase;
			buildActionMask = 2147483647;
			files = (
				4983806F1ED48D6B003BCFB0 /* CPUUsageCollector.m in Sources */,
				4978C0781ED5E71400148A4E /* ReportApiClient.m in Sources */,
				4978C0891ED5EFCB00148A4E /* FlowUp.m in Sources */,
				4978C07F1ED5E7E600148A4E /* CPUMetric.m in Sources */,
				4978C0851ED5EC0100148A4E /* ApiClient.m in Sources */,
				4978C07A1ED5E71400148A4E /* Reports.m in Sources */,
			);
			runOnlyForDeploymentPostprocessing = 0;
		};
/* End PBXSourcesBuildPhase section */

/* Begin XCBuildConfiguration section */
		498380431ED48C7A003BCFB0 /* Debug */ = {
			isa = XCBuildConfiguration;
			buildSettings = {
				ALWAYS_SEARCH_USER_PATHS = NO;
				CLANG_ANALYZER_NONNULL = YES;
				CLANG_CXX_LANGUAGE_STANDARD = "gnu++0x";
				CLANG_CXX_LIBRARY = "libc++";
				CLANG_ENABLE_MODULES = YES;
				CLANG_ENABLE_OBJC_ARC = YES;
				CLANG_WARN_BOOL_CONVERSION = YES;
				CLANG_WARN_CONSTANT_CONVERSION = YES;
				CLANG_WARN_DIRECT_OBJC_ISA_USAGE = YES_ERROR;
				CLANG_WARN_DOCUMENTATION_COMMENTS = YES;
				CLANG_WARN_EMPTY_BODY = YES;
				CLANG_WARN_ENUM_CONVERSION = YES;
				CLANG_WARN_INFINITE_RECURSION = YES;
				CLANG_WARN_INT_CONVERSION = YES;
				CLANG_WARN_OBJC_ROOT_CLASS = YES_ERROR;
				CLANG_WARN_SUSPICIOUS_MOVE = YES;
				CLANG_WARN_UNREACHABLE_CODE = YES;
				CLANG_WARN__DUPLICATE_METHOD_MATCH = YES;
				"CODE_SIGN_IDENTITY[sdk=iphoneos*]" = "iPhone Developer";
				COPY_PHASE_STRIP = NO;
				DEBUG_INFORMATION_FORMAT = dwarf;
				ENABLE_STRICT_OBJC_MSGSEND = YES;
				ENABLE_TESTABILITY = YES;
				GCC_C_LANGUAGE_STANDARD = gnu99;
				GCC_DYNAMIC_NO_PIC = NO;
				GCC_NO_COMMON_BLOCKS = YES;
				GCC_OPTIMIZATION_LEVEL = 0;
				GCC_PREPROCESSOR_DEFINITIONS = (
					"DEBUG=1",
					"$(inherited)",
				);
				GCC_WARN_64_TO_32_BIT_CONVERSION = YES;
				GCC_WARN_ABOUT_RETURN_TYPE = YES_ERROR;
				GCC_WARN_UNDECLARED_SELECTOR = YES;
				GCC_WARN_UNINITIALIZED_AUTOS = YES_AGGRESSIVE;
				GCC_WARN_UNUSED_FUNCTION = YES;
				GCC_WARN_UNUSED_VARIABLE = YES;
				IPHONEOS_DEPLOYMENT_TARGET = 10.2;
				MTL_ENABLE_DEBUG_INFO = YES;
				ONLY_ACTIVE_ARCH = YES;
				SDKROOT = iphoneos;
			};
			name = Debug;
		};
		498380441ED48C7A003BCFB0 /* Release */ = {
			isa = XCBuildConfiguration;
			buildSettings = {
				ALWAYS_SEARCH_USER_PATHS = NO;
				CLANG_ANALYZER_NONNULL = YES;
				CLANG_CXX_LANGUAGE_STANDARD = "gnu++0x";
				CLANG_CXX_LIBRARY = "libc++";
				CLANG_ENABLE_MODULES = YES;
				CLANG_ENABLE_OBJC_ARC = YES;
				CLANG_WARN_BOOL_CONVERSION = YES;
				CLANG_WARN_CONSTANT_CONVERSION = YES;
				CLANG_WARN_DIRECT_OBJC_ISA_USAGE = YES_ERROR;
				CLANG_WARN_DOCUMENTATION_COMMENTS = YES;
				CLANG_WARN_EMPTY_BODY = YES;
				CLANG_WARN_ENUM_CONVERSION = YES;
				CLANG_WARN_INFINITE_RECURSION = YES;
				CLANG_WARN_INT_CONVERSION = YES;
				CLANG_WARN_OBJC_ROOT_CLASS = YES_ERROR;
				CLANG_WARN_SUSPICIOUS_MOVE = YES;
				CLANG_WARN_UNREACHABLE_CODE = YES;
				CLANG_WARN__DUPLICATE_METHOD_MATCH = YES;
				"CODE_SIGN_IDENTITY[sdk=iphoneos*]" = "iPhone Developer";
				COPY_PHASE_STRIP = NO;
				DEBUG_INFORMATION_FORMAT = "dwarf-with-dsym";
				ENABLE_NS_ASSERTIONS = NO;
				ENABLE_STRICT_OBJC_MSGSEND = YES;
				GCC_C_LANGUAGE_STANDARD = gnu99;
				GCC_NO_COMMON_BLOCKS = YES;
				GCC_WARN_64_TO_32_BIT_CONVERSION = YES;
				GCC_WARN_ABOUT_RETURN_TYPE = YES_ERROR;
				GCC_WARN_UNDECLARED_SELECTOR = YES;
				GCC_WARN_UNINITIALIZED_AUTOS = YES_AGGRESSIVE;
				GCC_WARN_UNUSED_FUNCTION = YES;
				GCC_WARN_UNUSED_VARIABLE = YES;
				IPHONEOS_DEPLOYMENT_TARGET = 10.2;
				MTL_ENABLE_DEBUG_INFO = NO;
				SDKROOT = iphoneos;
				VALIDATE_PRODUCT = YES;
			};
			name = Release;
		};
		498380461ED48C7A003BCFB0 /* Debug */ = {
			isa = XCBuildConfiguration;
			baseConfigurationReference = 72868C35D70EF8DC403575B2 /* Pods-SDK.debug.xcconfig */;
			buildSettings = {
				DEVELOPMENT_TEAM = 2Z9R68TU59;
				OTHER_LDFLAGS = "-ObjC";
				PRODUCT_NAME = "$(TARGET_NAME)";
				SKIP_INSTALL = YES;
			};
			name = Debug;
		};
		498380471ED48C7A003BCFB0 /* Release */ = {
			isa = XCBuildConfiguration;
			baseConfigurationReference = AD3D6E8A6BD0C180426F5809 /* Pods-SDK.release.xcconfig */;
			buildSettings = {
				DEVELOPMENT_TEAM = 2Z9R68TU59;
				OTHER_LDFLAGS = "-ObjC";
				PRODUCT_NAME = "$(TARGET_NAME)";
				SKIP_INSTALL = YES;
			};
			name = Release;
		};
/* End XCBuildConfiguration section */

/* Begin XCConfigurationList section */
		498380371ED48C7A003BCFB0 /* Build configuration list for PBXProject "SDK" */ = {
			isa = XCConfigurationList;
			buildConfigurations = (
				498380431ED48C7A003BCFB0 /* Debug */,
				498380441ED48C7A003BCFB0 /* Release */,
			);
			defaultConfigurationIsVisible = 0;
			defaultConfigurationName = Release;
		};
		498380451ED48C7A003BCFB0 /* Build configuration list for PBXNativeTarget "SDK" */ = {
			isa = XCConfigurationList;
			buildConfigurations = (
				498380461ED48C7A003BCFB0 /* Debug */,
				498380471ED48C7A003BCFB0 /* Release */,
			);
			defaultConfigurationIsVisible = 0;
			defaultConfigurationName = Release;
		};
/* End XCConfigurationList section */
	};
	rootObject = 498380341ED48C7A003BCFB0 /* Project object */;
}
