// !$*UTF8*$!
{
	archiveVersion = 1;
	classes = {
	};
	objectVersion = 46;
	objects = {

/* Begin PBXBuildFile section */
		16CE80ABD3961210AFB4890C /* libPods-Demo.a in Frameworks */ = {isa = PBXBuildFile; fileRef = F16A70AC64BD7383D5EA0AA0 /* libPods-Demo.a */; };
		498380561ED48CD1003BCFB0 /* main.m in Sources */ = {isa = PBXBuildFile; fileRef = 498380551ED48CD1003BCFB0 /* main.m */; };
		498380591ED48CD1003BCFB0 /* AppDelegate.m in Sources */ = {isa = PBXBuildFile; fileRef = 498380581ED48CD1003BCFB0 /* AppDelegate.m */; };
		4983805C1ED48CD1003BCFB0 /* ViewController.m in Sources */ = {isa = PBXBuildFile; fileRef = 4983805B1ED48CD1003BCFB0 /* ViewController.m */; };
		4983805F1ED48CD1003BCFB0 /* Main.storyboard in Resources */ = {isa = PBXBuildFile; fileRef = 4983805D1ED48CD1003BCFB0 /* Main.storyboard */; };
		498380611ED48CD1003BCFB0 /* Assets.xcassets in Resources */ = {isa = PBXBuildFile; fileRef = 498380601ED48CD1003BCFB0 /* Assets.xcassets */; };
		498380641ED48CD1003BCFB0 /* LaunchScreen.storyboard in Resources */ = {isa = PBXBuildFile; fileRef = 498380621ED48CD1003BCFB0 /* LaunchScreen.storyboard */; };
/* End PBXBuildFile section */

/* Begin PBXFileReference section */
		498380511ED48CD1003BCFB0 /* Demo.app */ = {isa = PBXFileReference; explicitFileType = wrapper.application; includeInIndex = 0; path = Demo.app; sourceTree = BUILT_PRODUCTS_DIR; };
		498380551ED48CD1003BCFB0 /* main.m */ = {isa = PBXFileReference; lastKnownFileType = sourcecode.c.objc; path = main.m; sourceTree = "<group>"; };
		498380571ED48CD1003BCFB0 /* AppDelegate.h */ = {isa = PBXFileReference; lastKnownFileType = sourcecode.c.h; path = AppDelegate.h; sourceTree = "<group>"; };
		498380581ED48CD1003BCFB0 /* AppDelegate.m */ = {isa = PBXFileReference; lastKnownFileType = sourcecode.c.objc; path = AppDelegate.m; sourceTree = "<group>"; };
		4983805A1ED48CD1003BCFB0 /* ViewController.h */ = {isa = PBXFileReference; lastKnownFileType = sourcecode.c.h; path = ViewController.h; sourceTree = "<group>"; };
		4983805B1ED48CD1003BCFB0 /* ViewController.m */ = {isa = PBXFileReference; lastKnownFileType = sourcecode.c.objc; path = ViewController.m; sourceTree = "<group>"; };
		4983805E1ED48CD1003BCFB0 /* Base */ = {isa = PBXFileReference; lastKnownFileType = file.storyboard; name = Base; path = Base.lproj/Main.storyboard; sourceTree = "<group>"; };
		498380601ED48CD1003BCFB0 /* Assets.xcassets */ = {isa = PBXFileReference; lastKnownFileType = folder.assetcatalog; path = Assets.xcassets; sourceTree = "<group>"; };
		498380631ED48CD1003BCFB0 /* Base */ = {isa = PBXFileReference; lastKnownFileType = file.storyboard; name = Base; path = Base.lproj/LaunchScreen.storyboard; sourceTree = "<group>"; };
		498380651ED48CD1003BCFB0 /* Info.plist */ = {isa = PBXFileReference; lastKnownFileType = text.plist.xml; path = Info.plist; sourceTree = "<group>"; };
		498380711ED48E2C003BCFB0 /* libSDK.a */ = {isa = PBXFileReference; lastKnownFileType = archive.ar; name = libSDK.a; path = "../DerivedData/FlowUpIOSSDK/Build/Products/Debug-iphonesimulator/libSDK.a"; sourceTree = "<group>"; };
		49E08AB41EDDDF30000A3CB0 /* libsqlite3.tbd */ = {isa = PBXFileReference; lastKnownFileType = "sourcecode.text-based-dylib-definition"; name = libsqlite3.tbd; path = usr/lib/libsqlite3.tbd; sourceTree = SDKROOT; };
		58942AD325CDC4A8D72131EA /* Pods-Demo.release.xcconfig */ = {isa = PBXFileReference; includeInIndex = 1; lastKnownFileType = text.xcconfig; name = "Pods-Demo.release.xcconfig"; path = "../Pods/Target Support Files/Pods-Demo/Pods-Demo.release.xcconfig"; sourceTree = "<group>"; };
		94EC2E6DA2CF40C14EEF060A /* Pods-Demo.debug.xcconfig */ = {isa = PBXFileReference; includeInIndex = 1; lastKnownFileType = text.xcconfig; name = "Pods-Demo.debug.xcconfig"; path = "../Pods/Target Support Files/Pods-Demo/Pods-Demo.debug.xcconfig"; sourceTree = "<group>"; };
		F16A70AC64BD7383D5EA0AA0 /* libPods-Demo.a */ = {isa = PBXFileReference; explicitFileType = archive.ar; includeInIndex = 0; path = "libPods-Demo.a"; sourceTree = BUILT_PRODUCTS_DIR; };
/* End PBXFileReference section */

/* Begin PBXFrameworksBuildPhase section */
		4983804E1ED48CD1003BCFB0 /* Frameworks */ = {
			isa = PBXFrameworksBuildPhase;
			buildActionMask = 2147483647;
			files = (
				16CE80ABD3961210AFB4890C /* libPods-Demo.a in Frameworks */,
			);
			runOnlyForDeploymentPostprocessing = 0;
		};
/* End PBXFrameworksBuildPhase section */

/* Begin PBXGroup section */
		498380481ED48CD1003BCFB0 = {
			isa = PBXGroup;
			children = (
				498380531ED48CD1003BCFB0 /* Demo */,
				498380701ED48E2B003BCFB0 /* Frameworks */,
				B8D9FA53EBCDE257A6268E58 /* Pods */,
				498380521ED48CD1003BCFB0 /* Products */,
			);
			sourceTree = "<group>";
		};
		498380521ED48CD1003BCFB0 /* Products */ = {
			isa = PBXGroup;
			children = (
				498380511ED48CD1003BCFB0 /* Demo.app */,
			);
			name = Products;
			sourceTree = "<group>";
		};
		498380531ED48CD1003BCFB0 /* Demo */ = {
			isa = PBXGroup;
			children = (
				498380541ED48CD1003BCFB0 /* Supporting Files */,
				498380571ED48CD1003BCFB0 /* AppDelegate.h */,
				498380581ED48CD1003BCFB0 /* AppDelegate.m */,
				498380601ED48CD1003BCFB0 /* Assets.xcassets */,
				498380651ED48CD1003BCFB0 /* Info.plist */,
				498380621ED48CD1003BCFB0 /* LaunchScreen.storyboard */,
				4983805D1ED48CD1003BCFB0 /* Main.storyboard */,
				4983805A1ED48CD1003BCFB0 /* ViewController.h */,
				4983805B1ED48CD1003BCFB0 /* ViewController.m */,
			);
			path = Demo;
			sourceTree = "<group>";
		};
		498380541ED48CD1003BCFB0 /* Supporting Files */ = {
			isa = PBXGroup;
			children = (
				498380551ED48CD1003BCFB0 /* main.m */,
			);
			path = "Supporting Files";
			sourceTree = "<group>";
		};
		498380701ED48E2B003BCFB0 /* Frameworks */ = {
			isa = PBXGroup;
			children = (
				49E08AB41EDDDF30000A3CB0 /* libsqlite3.tbd */,
				498380711ED48E2C003BCFB0 /* libSDK.a */,
				F16A70AC64BD7383D5EA0AA0 /* libPods-Demo.a */,
			);
			name = Frameworks;
			sourceTree = "<group>";
		};
		B8D9FA53EBCDE257A6268E58 /* Pods */ = {
			isa = PBXGroup;
			children = (
				94EC2E6DA2CF40C14EEF060A /* Pods-Demo.debug.xcconfig */,
				58942AD325CDC4A8D72131EA /* Pods-Demo.release.xcconfig */,
			);
			name = Pods;
			sourceTree = "<group>";
		};
/* End PBXGroup section */

/* Begin PBXNativeTarget section */
		498380501ED48CD1003BCFB0 /* Demo */ = {
			isa = PBXNativeTarget;
			buildConfigurationList = 498380681ED48CD1003BCFB0 /* Build configuration list for PBXNativeTarget "Demo" */;
			buildPhases = (
				51283D5BB853CB3B1E87FD43 /* [CP] Check Pods Manifest.lock */,
				4983804D1ED48CD1003BCFB0 /* Sources */,
				4983804E1ED48CD1003BCFB0 /* Frameworks */,
				4983804F1ED48CD1003BCFB0 /* Resources */,
				D6D24418A7AA000DD2A59298 /* [CP] Embed Pods Frameworks */,
				828F47A933F81CC7DA0DFDCF /* [CP] Copy Pods Resources */,
			);
			buildRules = (
			);
			dependencies = (
			);
			name = Demo;
			productName = Demo;
			productReference = 498380511ED48CD1003BCFB0 /* Demo.app */;
			productType = "com.apple.product-type.application";
		};
/* End PBXNativeTarget section */

/* Begin PBXProject section */
		498380491ED48CD1003BCFB0 /* Project object */ = {
			isa = PBXProject;
			attributes = {
				LastUpgradeCheck = 0820;
				ORGANIZATIONNAME = flowup;
				TargetAttributes = {
					498380501ED48CD1003BCFB0 = {
						CreatedOnToolsVersion = 8.2.1;
						DevelopmentTeam = BD48FG9BMV;
						ProvisioningStyle = Automatic;
					};
				};
			};
			buildConfigurationList = 4983804C1ED48CD1003BCFB0 /* Build configuration list for PBXProject "Demo" */;
			compatibilityVersion = "Xcode 3.2";
			developmentRegion = English;
			hasScannedForEncodings = 0;
			knownRegions = (
				en,
				Base,
			);
			mainGroup = 498380481ED48CD1003BCFB0;
			productRefGroup = 498380521ED48CD1003BCFB0 /* Products */;
			projectDirPath = "";
			projectRoot = "";
			targets = (
				498380501ED48CD1003BCFB0 /* Demo */,
			);
		};
/* End PBXProject section */

/* Begin PBXResourcesBuildPhase section */
		4983804F1ED48CD1003BCFB0 /* Resources */ = {
			isa = PBXResourcesBuildPhase;
			buildActionMask = 2147483647;
			files = (
				498380641ED48CD1003BCFB0 /* LaunchScreen.storyboard in Resources */,
				498380611ED48CD1003BCFB0 /* Assets.xcassets in Resources */,
				4983805F1ED48CD1003BCFB0 /* Main.storyboard in Resources */,
			);
			runOnlyForDeploymentPostprocessing = 0;
		};
/* End PBXResourcesBuildPhase section */

/* Begin PBXShellScriptBuildPhase section */
		51283D5BB853CB3B1E87FD43 /* [CP] Check Pods Manifest.lock */ = {
			isa = PBXShellScriptBuildPhase;
			buildActionMask = 2147483647;
			files = (
			);
			inputPaths = (
				"${PODS_PODFILE_DIR_PATH}/Podfile.lock",
				"${PODS_ROOT}/Manifest.lock",
			);
			name = "[CP] Check Pods Manifest.lock";
			outputPaths = (
				"$(DERIVED_FILE_DIR)/Pods-Demo-checkManifestLockResult.txt",
			);
			runOnlyForDeploymentPostprocessing = 0;
			shellPath = /bin/sh;
			shellScript = "diff \"${PODS_PODFILE_DIR_PATH}/Podfile.lock\" \"${PODS_ROOT}/Manifest.lock\" > /dev/null\nif [ $? != 0 ] ; then\n    # print error to STDERR\n    echo \"error: The sandbox is not in sync with the Podfile.lock. Run 'pod install' or update your CocoaPods installation.\" >&2\n    exit 1\nfi\n# This output is used by Xcode 'outputs' to avoid re-running this script phase.\necho \"SUCCESS\" > \"${SCRIPT_OUTPUT_FILE_0}\"\n";
			showEnvVarsInLog = 0;
		};
		828F47A933F81CC7DA0DFDCF /* [CP] Copy Pods Resources */ = {
			isa = PBXShellScriptBuildPhase;
			buildActionMask = 2147483647;
			files = (
			);
			inputPaths = (
			);
			name = "[CP] Copy Pods Resources";
			outputPaths = (
			);
			runOnlyForDeploymentPostprocessing = 0;
			shellPath = /bin/sh;
			shellScript = "\"${SRCROOT}/../Pods/Target Support Files/Pods-Demo/Pods-Demo-resources.sh\"\n";
			showEnvVarsInLog = 0;
		};
		D6D24418A7AA000DD2A59298 /* [CP] Embed Pods Frameworks */ = {
			isa = PBXShellScriptBuildPhase;
			buildActionMask = 2147483647;
			files = (
			);
			inputPaths = (
			);
			name = "[CP] Embed Pods Frameworks";
			outputPaths = (
			);
			runOnlyForDeploymentPostprocessing = 0;
			shellPath = /bin/sh;
			shellScript = "\"${SRCROOT}/../Pods/Target Support Files/Pods-Demo/Pods-Demo-frameworks.sh\"\n";
			showEnvVarsInLog = 0;
		};
/* End PBXShellScriptBuildPhase section */

/* Begin PBXSourcesBuildPhase section */
		4983804D1ED48CD1003BCFB0 /* Sources */ = {
			isa = PBXSourcesBuildPhase;
			buildActionMask = 2147483647;
			files = (
				4983805C1ED48CD1003BCFB0 /* ViewController.m in Sources */,
				498380591ED48CD1003BCFB0 /* AppDelegate.m in Sources */,
				498380561ED48CD1003BCFB0 /* main.m in Sources */,
			);
			runOnlyForDeploymentPostprocessing = 0;
		};
/* End PBXSourcesBuildPhase section */

/* Begin PBXVariantGroup section */
		4983805D1ED48CD1003BCFB0 /* Main.storyboard */ = {
			isa = PBXVariantGroup;
			children = (
				4983805E1ED48CD1003BCFB0 /* Base */,
			);
			name = Main.storyboard;
			path = .;
			sourceTree = "<group>";
		};
		498380621ED48CD1003BCFB0 /* LaunchScreen.storyboard */ = {
			isa = PBXVariantGroup;
			children = (
				498380631ED48CD1003BCFB0 /* Base */,
			);
			name = LaunchScreen.storyboard;
			path = .;
			sourceTree = "<group>";
		};
/* End PBXVariantGroup section */

/* Begin XCBuildConfiguration section */
		498380661ED48CD1003BCFB0 /* Debug */ = {
			isa = XCBuildConfiguration;
			buildSettings = {
				ALWAYS_SEARCH_USER_PATHS = NO;
				CLANG_ANALYZER_NONNULL = YES;
				CLANG_CXX_LANGUAGE_STANDARD = "gnu++0x";
				CLANG_CXX_LIBRARY = "libc++";
				CLANG_ENABLE_MODULES = YES;
				CLANG_ENABLE_OBJC_ARC = YES;
				CLANG_WARN_BOOL_CONVERSION = YES;
				CLANG_WARN_CONSTANT_CONVERSION = YES;
				CLANG_WARN_DIRECT_OBJC_ISA_USAGE = YES_ERROR;
				CLANG_WARN_DOCUMENTATION_COMMENTS = YES;
				CLANG_WARN_EMPTY_BODY = YES;
				CLANG_WARN_ENUM_CONVERSION = YES;
				CLANG_WARN_INFINITE_RECURSION = YES;
				CLANG_WARN_INT_CONVERSION = YES;
				CLANG_WARN_OBJC_ROOT_CLASS = YES_ERROR;
				CLANG_WARN_SUSPICIOUS_MOVE = YES;
				CLANG_WARN_UNREACHABLE_CODE = YES;
				CLANG_WARN__DUPLICATE_METHOD_MATCH = YES;
				"CODE_SIGN_IDENTITY[sdk=iphoneos*]" = "iPhone Developer";
				COPY_PHASE_STRIP = NO;
				DEBUG_INFORMATION_FORMAT = dwarf;
				ENABLE_STRICT_OBJC_MSGSEND = YES;
				ENABLE_TESTABILITY = YES;
				GCC_C_LANGUAGE_STANDARD = gnu99;
				GCC_DYNAMIC_NO_PIC = NO;
				GCC_NO_COMMON_BLOCKS = YES;
				GCC_OPTIMIZATION_LEVEL = 0;
				GCC_PREPROCESSOR_DEFINITIONS = (
					"DEBUG=1",
					"$(inherited)",
				);
				GCC_WARN_64_TO_32_BIT_CONVERSION = YES;
				GCC_WARN_ABOUT_RETURN_TYPE = YES_ERROR;
				GCC_WARN_UNDECLARED_SELECTOR = YES;
				GCC_WARN_UNINITIALIZED_AUTOS = YES_AGGRESSIVE;
				GCC_WARN_UNUSED_FUNCTION = YES;
				GCC_WARN_UNUSED_VARIABLE = YES;
				HEADER_SEARCH_PATHS = "$(inherited)";
				IPHONEOS_DEPLOYMENT_TARGET = 10.2;
				MTL_ENABLE_DEBUG_INFO = YES;
				ONLY_ACTIVE_ARCH = YES;
				OTHER_LDFLAGS = "$(inherited)";
				SDKROOT = iphoneos;
				TARGETED_DEVICE_FAMILY = "1,2";
			};
			name = Debug;
		};
		498380671ED48CD1003BCFB0 /* Release */ = {
			isa = XCBuildConfiguration;
			buildSettings = {
				ALWAYS_SEARCH_USER_PATHS = NO;
				CLANG_ANALYZER_NONNULL = YES;
				CLANG_CXX_LANGUAGE_STANDARD = "gnu++0x";
				CLANG_CXX_LIBRARY = "libc++";
				CLANG_ENABLE_MODULES = YES;
				CLANG_ENABLE_OBJC_ARC = YES;
				CLANG_WARN_BOOL_CONVERSION = YES;
				CLANG_WARN_CONSTANT_CONVERSION = YES;
				CLANG_WARN_DIRECT_OBJC_ISA_USAGE = YES_ERROR;
				CLANG_WARN_DOCUMENTATION_COMMENTS = YES;
				CLANG_WARN_EMPTY_BODY = YES;
				CLANG_WARN_ENUM_CONVERSION = YES;
				CLANG_WARN_INFINITE_RECURSION = YES;
				CLANG_WARN_INT_CONVERSION = YES;
				CLANG_WARN_OBJC_ROOT_CLASS = YES_ERROR;
				CLANG_WARN_SUSPICIOUS_MOVE = YES;
				CLANG_WARN_UNREACHABLE_CODE = YES;
				CLANG_WARN__DUPLICATE_METHOD_MATCH = YES;
				"CODE_SIGN_IDENTITY[sdk=iphoneos*]" = "iPhone Developer";
				COPY_PHASE_STRIP = NO;
				DEBUG_INFORMATION_FORMAT = "dwarf-with-dsym";
				ENABLE_NS_ASSERTIONS = NO;
				ENABLE_STRICT_OBJC_MSGSEND = YES;
				GCC_C_LANGUAGE_STANDARD = gnu99;
				GCC_NO_COMMON_BLOCKS = YES;
				GCC_WARN_64_TO_32_BIT_CONVERSION = YES;
				GCC_WARN_ABOUT_RETURN_TYPE = YES_ERROR;
				GCC_WARN_UNDECLARED_SELECTOR = YES;
				GCC_WARN_UNINITIALIZED_AUTOS = YES_AGGRESSIVE;
				GCC_WARN_UNUSED_FUNCTION = YES;
				GCC_WARN_UNUSED_VARIABLE = YES;
				HEADER_SEARCH_PATHS = "$(inherited)";
				IPHONEOS_DEPLOYMENT_TARGET = 10.2;
				MTL_ENABLE_DEBUG_INFO = NO;
				OTHER_LDFLAGS = "$(inherited)";
				SDKROOT = iphoneos;
				TARGETED_DEVICE_FAMILY = "1,2";
				VALIDATE_PRODUCT = YES;
			};
			name = Release;
		};
		498380691ED48CD1003BCFB0 /* Debug */ = {
			isa = XCBuildConfiguration;
			baseConfigurationReference = 94EC2E6DA2CF40C14EEF060A /* Pods-Demo.debug.xcconfig */;
			buildSettings = {
				ASSETCATALOG_COMPILER_APPICON_NAME = AppIcon;
				DEVELOPMENT_TEAM = BD48FG9BMV;
				HEADER_SEARCH_PATHS = "$(inherited)";
				INFOPLIST_FILE = Demo/Info.plist;
				LD_RUNPATH_SEARCH_PATHS = "$(inherited) @executable_path/Frameworks";
				PRODUCT_BUNDLE_IDENTIFIER = io.flowup.Demo;
				PRODUCT_NAME = "$(TARGET_NAME)";
				USER_HEADER_SEARCH_PATHS = "$(inherited)";
			};
			name = Debug;
		};
		4983806A1ED48CD1003BCFB0 /* Release */ = {
			isa = XCBuildConfiguration;
			baseConfigurationReference = 58942AD325CDC4A8D72131EA /* Pods-Demo.release.xcconfig */;
			buildSettings = {
				ASSETCATALOG_COMPILER_APPICON_NAME = AppIcon;
				DEVELOPMENT_TEAM = BD48FG9BMV;
				HEADER_SEARCH_PATHS = "$(inherited)";
				INFOPLIST_FILE = Demo/Info.plist;
				LD_RUNPATH_SEARCH_PATHS = "$(inherited) @executable_path/Frameworks";
				PRODUCT_BUNDLE_IDENTIFIER = io.flowup.Demo;
				PRODUCT_NAME = "$(TARGET_NAME)";
				USER_HEADER_SEARCH_PATHS = "$(inherited)";
			};
			name = Release;
		};
/* End XCBuildConfiguration section */

/* Begin XCConfigurationList section */
		4983804C1ED48CD1003BCFB0 /* Build configuration list for PBXProject "Demo" */ = {
			isa = XCConfigurationList;
			buildConfigurations = (
				498380661ED48CD1003BCFB0 /* Debug */,
				498380671ED48CD1003BCFB0 /* Release */,
			);
			defaultConfigurationIsVisible = 0;
			defaultConfigurationName = Release;
		};
		498380681ED48CD1003BCFB0 /* Build configuration list for PBXNativeTarget "Demo" */ = {
			isa = XCConfigurationList;
			buildConfigurations = (
				498380691ED48CD1003BCFB0 /* Debug */,
				4983806A1ED48CD1003BCFB0 /* Release */,
			);
			defaultConfigurationIsVisible = 0;
			defaultConfigurationName = Release;
		};
/* End XCConfigurationList section */
	};
	rootObject = 498380491ED48CD1003BCFB0 /* Project object */;
}
